<?xml version="1.0" encoding="utf-8"?>
<Project ToolsVersion="4.0" xmlns="http://schemas.microsoft.com/developer/msbuild/2003">
  <ItemGroup>
    <ClCompile Include="dllmain.cpp">
      <Filter>SourceFiles</Filter>
    </ClCompile>
    <ClCompile Include="pch.cpp">
      <Filter>SourceFiles</Filter>
    </ClCompile>
  </ItemGroup>
  <ItemGroup>
    <ClInclude Include="framework.h">
      <Filter>HeaderFiles</Filter>
    </ClInclude>
    <ClInclude Include="pch.h">
      <Filter>HeaderFiles</Filter>
    </ClInclude>
    <ClInclude Include="TypeDef.h">
      <Filter>HeaderFiles</Filter>
    </ClInclude>
  </ItemGroup>
  <ItemGroup>
    <Filter Include="HeaderFiles">
      <UniqueIdentifier>{6a83c599-d834-4972-94a9-f86bb6db27ab}</UniqueIdentifier>
    </Filter>
    <Filter Include="SourceFiles">
      <UniqueIdentifier>{1137d795-b9a4-4f54-b96e-9cf0227d84a6}</UniqueIdentifier>
    </Filter>
  </ItemGroup>
</Project>