<?xml version="1.0" encoding="utf-8"?>
<Project ToolsVersion="4.0" xmlns="http://schemas.microsoft.com/developer/msbuild/2003">
  <ItemGroup>
    <ClCompile Include="CallbackProcessor.cpp">
      <Filter>SourceFiles</Filter>
    </ClCompile>
    <ClCompile Include="dllmain.cpp">
      <Filter>SourceFiles</Filter>
    </ClCompile>
    <ClCompile Include="CallbackCommon.cpp">
      <Filter>SourceFiles</Filter>
    </ClCompile>
    <ClCompile Include="pch.cpp">
      <Filter>SourceFiles</Filter>
    </ClCompile>
  </ItemGroup>
  <ItemGroup>
    <ClInclude Include="TypeDef.h">
      <Filter>HeaderFiles</Filter>
    </ClInclude>
    <ClInclude Include="CallbackProcessor.h">
      <Filter>HeaderFiles</Filter>
    </ClInclude>
    <ClInclude Include="framework.h">
      <Filter>HeaderFiles</Filter>
    </ClInclude>
    <ClInclude Include="CallbackCommon.h">
      <Filter>HeaderFiles</Filter>
    </ClInclude>
    <ClInclude Include="pch.h">
      <Filter>HeaderFiles</Filter>
    </ClInclude>
  </ItemGroup>
  <ItemGroup>
    <Filter Include="HeaderFiles">
      <UniqueIdentifier>{7b411c6f-7238-4bdf-aa27-eaab0fd4a6cc}</UniqueIdentifier>
    </Filter>
    <Filter Include="SourceFiles">
      <UniqueIdentifier>{7a85f145-36d1-4135-abec-54873ba61554}</UniqueIdentifier>
    </Filter>
  </ItemGroup>
</Project>